# This file is automatically @generated by Cargo.
# It is not intended for manual editing.
version = 3

[[package]]
name = "cc"
version = "1.0.69"
source = "registry+https://github.com/rust-lang/crates.io-index"
checksum = "e70cc2f62c6ce1868963827bd677764c62d07c3d9a3e1fb1177ee1a9ab199eb2"

[[package]]
name = "either"
version = "1.6.1"
source = "registry+https://github.com/rust-lang/crates.io-index"
checksum = "e78d4f1cc4ae33bbfc157ed5d5a5ef3bc29227303d595861deb238fcec4e9457"

[[package]]
name = "enclave"
version = "0.1.0"
dependencies = [
 "sgx_alloc 1.1.3 (git+https://github.com/apache/teaclave-sgx-sdk.git)",
 "sgx_backtrace",
 "sgx_backtrace_sys 1.1.3 (git+https://github.com/apache/teaclave-sgx-sdk.git)",
 "sgx_build_helper 0.1.3 (git+https://github.com/apache/teaclave-sgx-sdk.git)",
 "sgx_cov",
 "sgx_crypto_helper",
 "sgx_demangle 1.1.3 (git+https://github.com/apache/teaclave-sgx-sdk.git)",
 "sgx_libc 1.1.3 (git+https://github.com/apache/teaclave-sgx-sdk.git)",
 "sgx_rand",
 "sgx_rand_derive",
 "sgx_serialize",
 "sgx_serialize_derive",
 "sgx_serialize_derive_internals",
 "sgx_tcrypto 1.1.3 (git+https://github.com/apache/teaclave-sgx-sdk.git)",
 "sgx_tcrypto_helper",
 "sgx_tdh",
 "sgx_tkey_exchange",
 "sgx_tprotected_fs 1.1.3 (git+https://github.com/apache/teaclave-sgx-sdk.git)",
 "sgx_trts 1.1.3 (git+https://github.com/apache/teaclave-sgx-sdk.git)",
 "sgx_tse",
 "sgx_tseal",
 "sgx_tstd 1.1.3 (git+https://github.com/apache/teaclave-sgx-sdk.git)",
 "sgx_tunittest",
 "sgx_types 1.1.3 (git+https://github.com/apache/teaclave-sgx-sdk.git)",
 "sgx_unwind 0.1.1 (git+https://github.com/apache/teaclave-sgx-sdk.git)",
]

[[package]]
name = "hashbrown_tstd"
version = "0.9.0"
source = "git+https://github.com/apache/teaclave-sgx-sdk.git?rev=v1.1.3#a6a172e652b4db4eaa17e4faa078fda8922abdd0"

[[package]]
name = "hashbrown_tstd"
version = "0.9.0"
source = "git+https://github.com/apache/teaclave-sgx-sdk.git#7c07ce0bfbacd3f4f2af53a2cdef9539018be73c"

[[package]]
name = "itertools"
version = "0.10.1"
source = "registry+https://github.com/rust-lang/crates.io-index"
checksum = "69ddb889f9d0d08a67338271fa9b62996bc788c7796a5c18cf057420aaed5eaf"
dependencies = [
 "either",
]

[[package]]
name = "lazy_static"
version = "1.4.0"
source = "registry+https://github.com/rust-lang/crates.io-index"
checksum = "e2abad23fbc42b3700f2f279844dc832adb2b2eb069b2df918f455c4e18cc646"
dependencies = [
 "spin",
]

[[package]]
name = "libc"
version = "0.2.98"
source = "registry+https://github.com/rust-lang/crates.io-index"
checksum = "320cfe77175da3a483efed4bc0adc1968ca050b098ce4f2f1c13a56626128790"

[[package]]
name = "proc-macro2"
version = "1.0.27"
source = "registry+https://github.com/rust-lang/crates.io-index"
checksum = "f0d8caf72986c1a598726adc988bb5984792ef84f5ee5aa50209145ee8077038"
dependencies = [
 "unicode-xid 0.2.2",
]

[[package]]
name = "profiler_builtins"
version = "0.1.0"
source = "git+https://github.com/mesalock-linux/sgx-fake-profiler-builtins#37b585ce50ce53a74d57b8aee7f6344765846ac1"

[[package]]
name = "quote"
version = "0.3.15"
source = "registry+https://github.com/rust-lang/crates.io-index"
checksum = "7a6e920b65c65f10b2ae65c831a81a073a89edd28c7cce89475bff467ab4167a"

[[package]]
name = "quote"
version = "1.0.9"
source = "registry+https://github.com/rust-lang/crates.io-index"
checksum = "c3d0b9745dc2debf507c8422de05d7226cc1f0644216dfdfead988f9b1ab32a7"
dependencies = [
 "proc-macro2",
]

[[package]]
name = "rand_core"
version = "0.3.1"
source = "registry+https://github.com/rust-lang/crates.io-index"
checksum = "7a6fdeb83b075e8266dcc8762c22776f6877a63111121f5f8c7411e5be7eed4b"
dependencies = [
 "rand_core 0.4.2",
]

[[package]]
name = "rand_core"
version = "0.4.2"
source = "registry+https://github.com/rust-lang/crates.io-index"
checksum = "9c33a3c44ca05fa6f1807d8e6743f3824e8509beca625669633be0acbdf509dc"

[[package]]
name = "rdrand"
version = "0.6.0"
source = "registry+https://github.com/rust-lang/crates.io-index"
checksum = "5014f842b5515f60c15d3bca398477951f785883f73e7f9bc8a9d9c9bb6821c7"
dependencies = [
 "rand_core 0.4.2",
]

[[package]]
name = "serde"
version = "1.0.118"
source = "git+https://github.com/mesalock-linux/serde-sgx#db0226f1d5d70fca6b96af2c285851502204e21c"
dependencies = [
 "sgx_tstd 1.1.3 (git+https://github.com/apache/teaclave-sgx-sdk.git?rev=v1.1.3)",
]

[[package]]
name = "serde"
version = "1.0.126"
source = "registry+https://github.com/rust-lang/crates.io-index"
checksum = "ec7505abeacaec74ae4778d9d9328fe5a5d04253220a85c4ee022239fc996d03"

[[package]]
name = "serde-big-array"
version = "0.1.5"
source = "registry+https://github.com/rust-lang/crates.io-index"
checksum = "b926cfbabfe8011609dda0350cb24d884955d294909ac71c0db7027366c77e3e"
dependencies = [
 "serde 1.0.126",
 "serde_derive 1.0.126",
]

[[package]]
name = "serde-big-array"
version = "0.3.0"
source = "git+https://github.com/mesalock-linux/serde-big-array-sgx#94122c5167aee38b39b09a620a60db2c28cf7428"
dependencies = [
 "serde 1.0.118",
 "serde_derive 1.0.118",
]

[[package]]
name = "serde_derive"
version = "1.0.118"
source = "git+https://github.com/mesalock-linux/serde-sgx#db0226f1d5d70fca6b96af2c285851502204e21c"
dependencies = [
 "proc-macro2",
 "quote 1.0.9",
 "syn 1.0.73",
]

[[package]]
name = "serde_derive"
version = "1.0.126"
source = "registry+https://github.com/rust-lang/crates.io-index"
checksum = "963a7dbc9895aeac7ac90e74f34a5d5261828f79df35cbed41e10189d3804d43"
dependencies = [
 "proc-macro2",
 "quote 1.0.9",
 "syn 1.0.73",
]

[[package]]
name = "sgx_alloc"
version = "1.1.3"
source = "git+https://github.com/apache/teaclave-sgx-sdk.git?rev=v1.1.3#a6a172e652b4db4eaa17e4faa078fda8922abdd0"

[[package]]
name = "sgx_alloc"
version = "1.1.3"
source = "git+https://github.com/apache/teaclave-sgx-sdk.git#7c07ce0bfbacd3f4f2af53a2cdef9539018be73c"

[[package]]
name = "sgx_backtrace"
version = "1.1.3"
source = "git+https://github.com/apache/teaclave-sgx-sdk.git#7c07ce0bfbacd3f4f2af53a2cdef9539018be73c"
dependencies = [
 "sgx_backtrace_sys 1.1.3 (git+https://github.com/apache/teaclave-sgx-sdk.git)",
 "sgx_demangle 1.1.3 (git+https://github.com/apache/teaclave-sgx-sdk.git)",
 "sgx_libc 1.1.3 (git+https://github.com/apache/teaclave-sgx-sdk.git)",
 "sgx_serialize_derive",
 "sgx_trts 1.1.3 (git+https://github.com/apache/teaclave-sgx-sdk.git)",
 "sgx_tstd 1.1.3 (git+https://github.com/apache/teaclave-sgx-sdk.git)",
 "sgx_types 1.1.3 (git+https://github.com/apache/teaclave-sgx-sdk.git)",
]

[[package]]
name = "sgx_backtrace_sys"
version = "1.1.3"
source = "git+https://github.com/apache/teaclave-sgx-sdk.git?rev=v1.1.3#a6a172e652b4db4eaa17e4faa078fda8922abdd0"
dependencies = [
 "cc",
 "sgx_build_helper 0.1.3 (git+https://github.com/apache/teaclave-sgx-sdk.git?rev=v1.1.3)",
 "sgx_libc 1.1.3 (git+https://github.com/apache/teaclave-sgx-sdk.git?rev=v1.1.3)",
]

[[package]]
name = "sgx_backtrace_sys"
version = "1.1.3"
source = "git+https://github.com/apache/teaclave-sgx-sdk.git#7c07ce0bfbacd3f4f2af53a2cdef9539018be73c"
dependencies = [
 "cc",
 "sgx_build_helper 0.1.3 (git+https://github.com/apache/teaclave-sgx-sdk.git)",
 "sgx_libc 1.1.3 (git+https://github.com/apache/teaclave-sgx-sdk.git)",
]

[[package]]
name = "sgx_build_helper"
version = "0.1.3"
source = "git+https://github.com/apache/teaclave-sgx-sdk.git?rev=v1.1.3#a6a172e652b4db4eaa17e4faa078fda8922abdd0"

[[package]]
name = "sgx_build_helper"
version = "0.1.3"
source = "git+https://github.com/apache/teaclave-sgx-sdk.git#7c07ce0bfbacd3f4f2af53a2cdef9539018be73c"

[[package]]
name = "sgx_cov"
version = "1.1.3"
source = "git+https://github.com/apache/teaclave-sgx-sdk.git#7c07ce0bfbacd3f4f2af53a2cdef9539018be73c"
dependencies = [
 "lazy_static",
 "profiler_builtins",
 "sgx_rand",
 "sgx_tstd 1.1.3 (git+https://github.com/apache/teaclave-sgx-sdk.git)",
 "sgx_types 1.1.3 (git+https://github.com/apache/teaclave-sgx-sdk.git)",
]

[[package]]
name = "sgx_crypto_helper"
version = "1.1.3"
source = "git+https://github.com/apache/teaclave-sgx-sdk.git#7c07ce0bfbacd3f4f2af53a2cdef9539018be73c"
dependencies = [
 "itertools",
 "libc",
 "serde 1.0.118",
 "serde 1.0.126",
 "serde-big-array 0.1.5",
 "serde-big-array 0.3.0",
 "serde_derive 1.0.118",
 "serde_derive 1.0.126",
 "sgx_tcrypto 1.1.3 (git+https://github.com/apache/teaclave-sgx-sdk.git?rev=v1.1.3)",
 "sgx_tstd 1.1.3 (git+https://github.com/apache/teaclave-sgx-sdk.git?rev=v1.1.3)",
 "sgx_types 1.1.3 (git+https://github.com/apache/teaclave-sgx-sdk.git?rev=v1.1.3)",
 "sgx_ucrypto",
]

[[package]]
name = "sgx_demangle"
version = "1.1.3"
source = "git+https://github.com/apache/teaclave-sgx-sdk.git?rev=v1.1.3#a6a172e652b4db4eaa17e4faa078fda8922abdd0"

[[package]]
name = "sgx_demangle"
version = "1.1.3"
source = "git+https://github.com/apache/teaclave-sgx-sdk.git#7c07ce0bfbacd3f4f2af53a2cdef9539018be73c"

[[package]]
name = "sgx_libc"
version = "1.1.3"
source = "git+https://github.com/apache/teaclave-sgx-sdk.git?rev=v1.1.3#a6a172e652b4db4eaa17e4faa078fda8922abdd0"
dependencies = [
 "sgx_types 1.1.3 (git+https://github.com/apache/teaclave-sgx-sdk.git?rev=v1.1.3)",
]

[[package]]
name = "sgx_libc"
version = "1.1.3"
source = "git+https://github.com/apache/teaclave-sgx-sdk.git#7c07ce0bfbacd3f4f2af53a2cdef9539018be73c"
dependencies = [
 "sgx_types 1.1.3 (git+https://github.com/apache/teaclave-sgx-sdk.git)",
]

[[package]]
name = "sgx_rand"
version = "1.1.3"
source = "git+https://github.com/apache/teaclave-sgx-sdk.git#7c07ce0bfbacd3f4f2af53a2cdef9539018be73c"
dependencies = [
 "sgx_trts 1.1.3 (git+https://github.com/apache/teaclave-sgx-sdk.git)",
 "sgx_tstd 1.1.3 (git+https://github.com/apache/teaclave-sgx-sdk.git)",
 "sgx_types 1.1.3 (git+https://github.com/apache/teaclave-sgx-sdk.git)",
]

[[package]]
name = "sgx_rand_derive"
version = "1.1.3"
source = "git+https://github.com/apache/teaclave-sgx-sdk.git#7c07ce0bfbacd3f4f2af53a2cdef9539018be73c"
dependencies = [
 "quote 0.3.15",
 "syn 0.11.11",
]

[[package]]
name = "sgx_serialize"
version = "1.1.3"
source = "git+https://github.com/apache/teaclave-sgx-sdk.git#7c07ce0bfbacd3f4f2af53a2cdef9539018be73c"
dependencies = [
 "sgx_tstd 1.1.3 (git+https://github.com/apache/teaclave-sgx-sdk.git)",
]

[[package]]
name = "sgx_serialize_derive"
version = "1.1.3"
source = "git+https://github.com/apache/teaclave-sgx-sdk.git#7c07ce0bfbacd3f4f2af53a2cdef9539018be73c"
dependencies = [
 "quote 0.3.15",
 "sgx_serialize_derive_internals",
 "syn 0.11.11",
]

[[package]]
name = "sgx_serialize_derive_internals"
version = "1.1.3"
source = "git+https://github.com/apache/teaclave-sgx-sdk.git#7c07ce0bfbacd3f4f2af53a2cdef9539018be73c"
dependencies = [
 "syn 0.11.11",
]

[[package]]
name = "sgx_tcrypto"
version = "1.1.3"
source = "git+https://github.com/apache/teaclave-sgx-sdk.git?rev=v1.1.3#a6a172e652b4db4eaa17e4faa078fda8922abdd0"
dependencies = [
 "sgx_types 1.1.3 (git+https://github.com/apache/teaclave-sgx-sdk.git?rev=v1.1.3)",
]

[[package]]
name = "sgx_tcrypto"
version = "1.1.3"
source = "git+https://github.com/apache/teaclave-sgx-sdk.git#7c07ce0bfbacd3f4f2af53a2cdef9539018be73c"
dependencies = [
 "sgx_types 1.1.3 (git+https://github.com/apache/teaclave-sgx-sdk.git)",
]

[[package]]
name = "sgx_tcrypto_helper"
version = "1.1.3"
source = "git+https://github.com/apache/teaclave-sgx-sdk.git#7c07ce0bfbacd3f4f2af53a2cdef9539018be73c"
dependencies = [
 "sgx_crypto_helper",
]

[[package]]
name = "sgx_tdh"
version = "1.1.3"
source = "git+https://github.com/apache/teaclave-sgx-sdk.git#7c07ce0bfbacd3f4f2af53a2cdef9539018be73c"
dependencies = [
 "sgx_tcrypto 1.1.3 (git+https://github.com/apache/teaclave-sgx-sdk.git)",
 "sgx_trts 1.1.3 (git+https://github.com/apache/teaclave-sgx-sdk.git)",
 "sgx_tse",
 "sgx_types 1.1.3 (git+https://github.com/apache/teaclave-sgx-sdk.git)",
]

[[package]]
name = "sgx_tkey_exchange"
version = "1.1.3"
source = "git+https://github.com/apache/teaclave-sgx-sdk.git#7c07ce0bfbacd3f4f2af53a2cdef9539018be73c"
dependencies = [
 "sgx_types 1.1.3 (git+https://github.com/apache/teaclave-sgx-sdk.git)",
]

[[package]]
name = "sgx_tprotected_fs"
version = "1.1.3"
source = "git+https://github.com/apache/teaclave-sgx-sdk.git?rev=v1.1.3#a6a172e652b4db4eaa17e4faa078fda8922abdd0"
dependencies = [
 "sgx_trts 1.1.3 (git+https://github.com/apache/teaclave-sgx-sdk.git?rev=v1.1.3)",
 "sgx_types 1.1.3 (git+https://github.com/apache/teaclave-sgx-sdk.git?rev=v1.1.3)",
]

[[package]]
name = "sgx_tprotected_fs"
version = "1.1.3"
source = "git+https://github.com/apache/teaclave-sgx-sdk.git#7c07ce0bfbacd3f4f2af53a2cdef9539018be73c"
dependencies = [
 "sgx_trts 1.1.3 (git+https://github.com/apache/teaclave-sgx-sdk.git)",
 "sgx_types 1.1.3 (git+https://github.com/apache/teaclave-sgx-sdk.git)",
]

[[package]]
name = "sgx_trts"
version = "1.1.3"
source = "git+https://github.com/apache/teaclave-sgx-sdk.git?rev=v1.1.3#a6a172e652b4db4eaa17e4faa078fda8922abdd0"
dependencies = [
 "sgx_libc 1.1.3 (git+https://github.com/apache/teaclave-sgx-sdk.git?rev=v1.1.3)",
 "sgx_types 1.1.3 (git+https://github.com/apache/teaclave-sgx-sdk.git?rev=v1.1.3)",
]

[[package]]
name = "sgx_trts"
version = "1.1.3"
source = "git+https://github.com/apache/teaclave-sgx-sdk.git#7c07ce0bfbacd3f4f2af53a2cdef9539018be73c"
dependencies = [
 "sgx_libc 1.1.3 (git+https://github.com/apache/teaclave-sgx-sdk.git)",
 "sgx_types 1.1.3 (git+https://github.com/apache/teaclave-sgx-sdk.git)",
]

[[package]]
name = "sgx_tse"
version = "1.1.3"
source = "git+https://github.com/apache/teaclave-sgx-sdk.git#7c07ce0bfbacd3f4f2af53a2cdef9539018be73c"
dependencies = [
 "sgx_types 1.1.3 (git+https://github.com/apache/teaclave-sgx-sdk.git)",
]

[[package]]
name = "sgx_tseal"
version = "1.1.3"
source = "git+https://github.com/apache/teaclave-sgx-sdk.git#7c07ce0bfbacd3f4f2af53a2cdef9539018be73c"
dependencies = [
 "sgx_tcrypto 1.1.3 (git+https://github.com/apache/teaclave-sgx-sdk.git)",
 "sgx_trts 1.1.3 (git+https://github.com/apache/teaclave-sgx-sdk.git)",
 "sgx_tse",
 "sgx_types 1.1.3 (git+https://github.com/apache/teaclave-sgx-sdk.git)",
]

[[package]]
name = "sgx_tstd"
version = "1.1.3"
source = "git+https://github.com/apache/teaclave-sgx-sdk.git?rev=v1.1.3#a6a172e652b4db4eaa17e4faa078fda8922abdd0"
dependencies = [
 "hashbrown_tstd 0.9.0 (git+https://github.com/apache/teaclave-sgx-sdk.git?rev=v1.1.3)",
 "sgx_alloc 1.1.3 (git+https://github.com/apache/teaclave-sgx-sdk.git?rev=v1.1.3)",
 "sgx_backtrace_sys 1.1.3 (git+https://github.com/apache/teaclave-sgx-sdk.git?rev=v1.1.3)",
 "sgx_demangle 1.1.3 (git+https://github.com/apache/teaclave-sgx-sdk.git?rev=v1.1.3)",
 "sgx_libc 1.1.3 (git+https://github.com/apache/teaclave-sgx-sdk.git?rev=v1.1.3)",
 "sgx_tprotected_fs 1.1.3 (git+https://github.com/apache/teaclave-sgx-sdk.git?rev=v1.1.3)",
 "sgx_trts 1.1.3 (git+https://github.com/apache/teaclave-sgx-sdk.git?rev=v1.1.3)",
 "sgx_types 1.1.3 (git+https://github.com/apache/teaclave-sgx-sdk.git?rev=v1.1.3)",
 "sgx_unwind 0.1.1 (git+https://github.com/apache/teaclave-sgx-sdk.git?rev=v1.1.3)",
]

[[package]]
name = "sgx_tstd"
version = "1.1.3"
source = "git+https://github.com/apache/teaclave-sgx-sdk.git#7c07ce0bfbacd3f4f2af53a2cdef9539018be73c"
dependencies = [
 "hashbrown_tstd 0.9.0 (git+https://github.com/apache/teaclave-sgx-sdk.git)",
 "sgx_alloc 1.1.3 (git+https://github.com/apache/teaclave-sgx-sdk.git)",
 "sgx_backtrace_sys 1.1.3 (git+https://github.com/apache/teaclave-sgx-sdk.git)",
 "sgx_demangle 1.1.3 (git+https://github.com/apache/teaclave-sgx-sdk.git)",
 "sgx_libc 1.1.3 (git+https://github.com/apache/teaclave-sgx-sdk.git)",
 "sgx_tprotected_fs 1.1.3 (git+https://github.com/apache/teaclave-sgx-sdk.git)",
 "sgx_trts 1.1.3 (git+https://github.com/apache/teaclave-sgx-sdk.git)",
 "sgx_types 1.1.3 (git+https://github.com/apache/teaclave-sgx-sdk.git)",
 "sgx_unwind 0.1.1 (git+https://github.com/apache/teaclave-sgx-sdk.git)",
]

[[package]]
name = "sgx_tunittest"
version = "1.1.3"
source = "git+https://github.com/apache/teaclave-sgx-sdk.git#7c07ce0bfbacd3f4f2af53a2cdef9539018be73c"
dependencies = [
 "sgx_tstd 1.1.3 (git+https://github.com/apache/teaclave-sgx-sdk.git)",
]

[[package]]
name = "sgx_types"
version = "1.1.3"
source = "git+https://github.com/apache/teaclave-sgx-sdk.git?rev=v1.1.3#a6a172e652b4db4eaa17e4faa078fda8922abdd0"

[[package]]
name = "sgx_types"
version = "1.1.3"
source = "git+https://github.com/apache/teaclave-sgx-sdk.git#7c07ce0bfbacd3f4f2af53a2cdef9539018be73c"

[[package]]
name = "sgx_ucrypto"
version = "1.1.3"
source = "git+https://github.com/apache/teaclave-sgx-sdk.git?rev=v1.1.3#a6a172e652b4db4eaa17e4faa078fda8922abdd0"
dependencies = [
 "libc",
 "rand_core 0.3.1",
 "rdrand",
 "sgx_types 1.1.3 (git+https://github.com/apache/teaclave-sgx-sdk.git?rev=v1.1.3)",
]

[[package]]
name = "sgx_unwind"
version = "0.1.1"
source = "git+https://github.com/apache/teaclave-sgx-sdk.git?rev=v1.1.3#a6a172e652b4db4eaa17e4faa078fda8922abdd0"
dependencies = [
 "sgx_build_helper 0.1.3 (git+https://github.com/apache/teaclave-sgx-sdk.git?rev=v1.1.3)",
]

[[package]]
name = "sgx_unwind"
version = "0.1.1"
source = "git+https://github.com/apache/teaclave-sgx-sdk.git#7c07ce0bfbacd3f4f2af53a2cdef9539018be73c"
dependencies = [
 "sgx_build_helper 0.1.3 (git+https://github.com/apache/teaclave-sgx-sdk.git)",
]

[[package]]
name = "spin"
version = "0.5.2"
source = "registry+https://github.com/rust-lang/crates.io-index"
checksum = "6e63cff320ae2c57904679ba7cb63280a3dc4613885beafb148ee7bf9aa9042d"

[[package]]
name = "syn"
version = "0.11.11"
source = "registry+https://github.com/rust-lang/crates.io-index"
checksum = "d3b891b9015c88c576343b9b3e41c2c11a51c219ef067b264bd9c8aa9b441dad"
dependencies = [
 "quote 0.3.15",
 "synom",
 "unicode-xid 0.0.4",
]

[[package]]
name = "syn"
version = "1.0.73"
source = "registry+https://github.com/rust-lang/crates.io-index"
checksum = "f71489ff30030d2ae598524f61326b902466f72a0fb1a8564c001cc63425bcc7"
dependencies = [
 "proc-macro2",
 "quote 1.0.9",
 "unicode-xid 0.2.2",
]

[[package]]
name = "synom"
version = "0.11.3"
source = "registry+https://github.com/rust-lang/crates.io-index"
checksum = "a393066ed9010ebaed60b9eafa373d4b1baac186dd7e008555b0f702b51945b6"
dependencies = [
 "unicode-xid 0.0.4",
]

[[package]]
name = "unicode-xid"
version = "0.0.4"
source = "registry+https://github.com/rust-lang/crates.io-index"
checksum = "8c1f860d7d29cf02cb2f3f359fd35991af3d30bac52c57d265a3c461074cb4dc"

[[package]]
name = "unicode-xid"
version = "0.2.2"
source = "registry+https://github.com/rust-lang/crates.io-index"
checksum = "8ccb82d61f80a663efe1f787a51b16b5a51e3314d6ac365b08639f52387b33f3"
